Microsoft Visual Studio Solution File, Format Version 12.00
# Visual Studio Version 17
VisualStudioVersion = 17.5.2.0
MinimumVisualStudioVersion = 10.0.40219.1
Project("{FAE04EC0-301F-11D3-BF4B-00C04F79EFBC}") = "JsonEditorNew", "JsonEditorNew.csproj", "{475AC657-6A3F-8416-79C5-28AB2BAB6A59}"
EndProject
Global
	GlobalSection(SolutionConfigurationPlatforms) = preSolution
		Debug|Any CPU = Debug|Any CPU
		Release|Any CPU = Release|Any CPU
	EndGlobalSection
	GlobalSection(ProjectConfigurationPlatforms) = postSolution
		{475AC657-6A3F-8416-79C5-28AB2BAB6A59}.Debug|Any CPU.ActiveCfg = Debug|Any CPU
		{475AC657-6A3F-8416-79C5-28AB2BAB6A59}.Debug|Any CPU.Build.0 = Debug|Any CPU
		{475AC657-6A3F-8416-79C5-28AB2BAB6A59}.Release|Any CPU.ActiveCfg = Release|Any CPU
		{475AC657-6A3F-8416-79C5-28AB2BAB6A59}.Release|Any CPU.Build.0 = Release|Any CPU
	EndGlobalSection
	GlobalSection(SolutionProperties) = preSolution
		HideSolutionNode = FALSE
	EndGlobalSection
	GlobalSection(ExtensibilityGlobals) = postSolution
		SolutionGuid = {6896D50C-D240-4B0A-AB37-7889BBDEE40F}
	EndGlobalSection
EndGlobal
